// !$*UTF8*$!
{
	archiveVersion = 1;
	classes = {
	};
	objectVersion = 55;
	objects = {

/* Begin PBXBuildFile section */
		143D1962291595D6001A84A3 /* Tests_iOS.swift in Sources */ = {isa = PBXBuildFile; fileRef = 143D1961291595D6001A84A3 /* Tests_iOS.swift */; };
		143D1964291595D6001A84A3 /* Tests_iOSLaunchTests.swift in Sources */ = {isa = PBXBuildFile; fileRef = 143D1963291595D6001A84A3 /* Tests_iOSLaunchTests.swift */; };
		143D196E291595D6001A84A3 /* Tests_macOS.swift in Sources */ = {isa = PBXBuildFile; fileRef = 143D196D291595D6001A84A3 /* Tests_macOS.swift */; };
		143D1970291595D6001A84A3 /* Tests_macOSLaunchTests.swift in Sources */ = {isa = PBXBuildFile; fileRef = 143D196F291595D6001A84A3 /* Tests_macOSLaunchTests.swift */; };
		143D1971291595D6001A84A3 /* IosFirstAppApp.swift in Sources */ = {isa = PBXBuildFile; fileRef = 143D1949291595D5001A84A3 /* IosFirstAppApp.swift */; };
		143D1972291595D6001A84A3 /* IosFirstAppApp.swift in Sources */ = {isa = PBXBuildFile; fileRef = 143D1949291595D5001A84A3 /* IosFirstAppApp.swift */; };
		143D1973291595D6001A84A3 /* ContentView.swift in Sources */ = {isa = PBXBuildFile; fileRef = 143D194A291595D5001A84A3 /* ContentView.swift */; };
		143D1974291595D6001A84A3 /* ContentView.swift in Sources */ = {isa = PBXBuildFile; fileRef = 143D194A291595D5001A84A3 /* ContentView.swift */; };
		143D1975291595D6001A84A3 /* Assets.xcassets in Resources */ = {isa = PBXBuildFile; fileRef = 143D194B291595D6001A84A3 /* Assets.xcassets */; };
		143D1976291595D6001A84A3 /* Assets.xcassets in Resources */ = {isa = PBXBuildFile; fileRef = 143D194B291595D6001A84A3 /* Assets.xcassets */; };
/* End PBXBuildFile section */

/* Begin PBXContainerItemProxy section */
		143D195E291595D6001A84A3 /* PBXContainerItemProxy */ = {
			isa = PBXContainerItemProxy;
			containerPortal = 143D1944291595D5001A84A3 /* Project object */;
			proxyType = 1;
			remoteGlobalIDString = 143D194F291595D6001A84A3;
			remoteInfo = "IosFirstApp (iOS)";
		};
		143D196A291595D6001A84A3 /* PBXContainerItemProxy */ = {
			isa = PBXContainerItemProxy;
			containerPortal = 143D1944291595D5001A84A3 /* Project object */;
			proxyType = 1;
			remoteGlobalIDString = 143D1955291595D6001A84A3;
			remoteInfo = "IosFirstApp (macOS)";
		};
/* End PBXContainerItemProxy section */

/* Begin PBXFileReference section */
		143D1949291595D5001A84A3 /* IosFirstAppApp.swift */ = {isa = PBXFileReference; lastKnownFileType = sourcecode.swift; path = IosFirstAppApp.swift; sourceTree = "<group>"; };
		143D194A291595D5001A84A3 /* ContentView.swift */ = {isa = PBXFileReference; lastKnownFileType = sourcecode.swift; path = ContentView.swift; sourceTree = "<group>"; };
		143D194B291595D6001A84A3 /* Assets.xcassets */ = {isa = PBXFileReference; lastKnownFileType = folder.assetcatalog; path = Assets.xcassets; sourceTree = "<group>"; };
		143D1950291595D6001A84A3 /* IosFirstApp.app */ = {isa = PBXFileReference; explicitFileType = wrapper.application; includeInIndex = 0; path = IosFirstApp.app; sourceTree = BUILT_PRODUCTS_DIR; };
		143D1956291595D6001A84A3 /* IosFirstApp.app */ = {isa = PBXFileReference; explicitFileType = wrapper.application; includeInIndex = 0; path = IosFirstApp.app; sourceTree = BUILT_PRODUCTS_DIR; };
		143D1958291595D6001A84A3 /* macOS.entitlements */ = {isa = PBXFileReference; lastKnownFileType = text.plist.entitlements; path = macOS.entitlements; sourceTree = "<group>"; };
		143D195D291595D6001A84A3 /* Tests iOS.xctest */ = {isa = PBXFileReference; explicitFileType = wrapper.cfbundle; includeInIndex = 0; path = "Tests iOS.xctest"; sourceTree = BUILT_PRODUCTS_DIR; };
		143D1961291595D6001A84A3 /* Tests_iOS.swift */ = {isa = PBXFileReference; lastKnownFileType = sourcecode.swift; path = Tests_iOS.swift; sourceTree = "<group>"; };
		143D1963291595D6001A84A3 /* Tests_iOSLaunchTests.swift */ = {isa = PBXFileReference; lastKnownFileType = sourcecode.swift; path = Tests_iOSLaunchTests.swift; sourceTree = "<group>"; };
		143D1969291595D6001A84A3 /* Tests macOS.xctest */ = {isa = PBXFileReference; explicitFileType = wrapper.cfbundle; includeInIndex = 0; path = "Tests macOS.xctest"; sourceTree = BUILT_PRODUCTS_DIR; };
		143D196D291595D6001A84A3 /* Tests_macOS.swift */ = {isa = PBXFileReference; lastKnownFileType = sourcecode.swift; path = Tests_macOS.swift; sourceTree = "<group>"; };
		143D196F291595D6001A84A3 /* Tests_macOSLaunchTests.swift */ = {isa = PBXFileReference; lastKnownFileType = sourcecode.swift; path = Tests_macOSLaunchTests.swift; sourceTree = "<group>"; };
/* End PBXFileReference section */

/* Begin PBXFrameworksBuildPhase section */
		143D194D291595D6001A84A3 /* Frameworks */ = {
			isa = PBXFrameworksBuildPhase;
			buildActionMask = 2147483647;
			files = (
			);
			runOnlyForDeploymentPostprocessing = 0;
		};
		143D1953291595D6001A84A3 /* Frameworks */ = {
			isa = PBXFrameworksBuildPhase;
			buildActionMask = 2147483647;
			files = (
			);
			runOnlyForDeploymentPostprocessing = 0;
		};
		143D195A291595D6001A84A3 /* Frameworks */ = {
			isa = PBXFrameworksBuildPhase;
			buildActionMask = 2147483647;
			files = (
			);
			runOnlyForDeploymentPostprocessing = 0;
		};
		143D1966291595D6001A84A3 /* Frameworks */ = {
			isa = PBXFrameworksBuildPhase;
			buildActionMask = 2147483647;
			files = (
			);
			runOnlyForDeploymentPostprocessing = 0;
		};
/* End PBXFrameworksBuildPhase section */

/* Begin PBXGroup section */
		143D1943291595D5001A84A3 = {
			isa = PBXGroup;
			children = (
				143D1948291595D5001A84A3 /* Shared */,
				143D1957291595D6001A84A3 /* macOS */,
				143D1960291595D6001A84A3 /* Tests iOS */,
				143D196C291595D6001A84A3 /* Tests macOS */,
				143D1951291595D6001A84A3 /* Products */,
			);
			sourceTree = "<group>";
		};
		143D1948291595D5001A84A3 /* Shared */ = {
			isa = PBXGroup;
			children = (
				143D1949291595D5001A84A3 /* IosFirstAppApp.swift */,
				143D194A291595D5001A84A3 /* ContentView.swift */,
				143D194B291595D6001A84A3 /* Assets.xcassets */,
			);
			path = Shared;
			sourceTree = "<group>";
		};
		143D1951291595D6001A84A3 /* Products */ = {
			isa = PBXGroup;
			children = (
				143D1950291595D6001A84A3 /* IosFirstApp.app */,
				143D1956291595D6001A84A3 /* IosFirstApp.app */,
				143D195D291595D6001A84A3 /* Tests iOS.xctest */,
				143D1969291595D6001A84A3 /* Tests macOS.xctest */,
			);
			name = Products;
			sourceTree = "<group>";
		};
		143D1957291595D6001A84A3 /* macOS */ = {
			isa = PBXGroup;
			children = (
				143D1958291595D6001A84A3 /* macOS.entitlements */,
			);
			path = macOS;
			sourceTree = "<group>";
		};
		143D1960291595D6001A84A3 /* Tests iOS */ = {
			isa = PBXGroup;
			children = (
				143D1961291595D6001A84A3 /* Tests_iOS.swift */,
				143D1963291595D6001A84A3 /* Tests_iOSLaunchTests.swift */,
			);
			path = "Tests iOS";
			sourceTree = "<group>";
		};
		143D196C291595D6001A84A3 /* Tests macOS */ = {
			isa = PBXGroup;
			children = (
				143D196D291595D6001A84A3 /* Tests_macOS.swift */,
				143D196F291595D6001A84A3 /* Tests_macOSLaunchTests.swift */,
			);
			path = "Tests macOS";
			sourceTree = "<group>";
		};
/* End PBXGroup section */

/* Begin PBXNativeTarget section */
		143D194F291595D6001A84A3 /* IosFirstApp (iOS) */ = {
			isa = PBXNativeTarget;
			buildConfigurationList = 143D1979291595D6001A84A3 /* Build configuration list for PBXNativeTarget "IosFirstApp (iOS)" */;
			buildPhases = (
				143D194C291595D6001A84A3 /* Sources */,
				143D194D291595D6001A84A3 /* Frameworks */,
				143D194E291595D6001A84A3 /* Resources */,
			);
			buildRules = (
			);
			dependencies = (
			);
			name = "IosFirstApp (iOS)";
			productName = "IosFirstApp (iOS)";
			productReference = 143D1950291595D6001A84A3 /* IosFirstApp.app */;
			productType = "com.apple.product-type.application";
		};
		143D1955291595D6001A84A3 /* IosFirstApp (macOS) */ = {
			isa = PBXNativeTarget;
			buildConfigurationList = 143D197C291595D6001A84A3 /* Build configuration list for PBXNativeTarget "IosFirstApp (macOS)" */;
			buildPhases = (
				143D1952291595D6001A84A3 /* Sources */,
				143D1953291595D6001A84A3 /* Frameworks */,
				143D1954291595D6001A84A3 /* Resources */,
			);
			buildRules = (
			);
			dependencies = (
			);
			name = "IosFirstApp (macOS)";
			productName = "IosFirstApp (macOS)";
			productReference = 143D1956291595D6001A84A3 /* IosFirstApp.app */;
			productType = "com.apple.product-type.application";
		};
		143D195C291595D6001A84A3 /* Tests iOS */ = {
			isa = PBXNativeTarget;
			buildConfigurationList = 143D197F291595D6001A84A3 /* Build configuration list for PBXNativeTarget "Tests iOS" */;
			buildPhases = (
				143D1959291595D6001A84A3 /* Sources */,
				143D195A291595D6001A84A3 /* Frameworks */,
				143D195B291595D6001A84A3 /* Resources */,
			);
			buildRules = (
			);
			dependencies = (
				143D195F291595D6001A84A3 /* PBXTargetDependency */,
			);
			name = "Tests iOS";
			productName = "Tests iOS";
			productReference = 143D195D291595D6001A84A3 /* Tests iOS.xctest */;
			productType = "com.apple.product-type.bundle.ui-testing";
		};
		143D1968291595D6001A84A3 /* Tests macOS */ = {
			isa = PBXNativeTarget;
			buildConfigurationList = 143D1982291595D6001A84A3 /* Build configuration list for PBXNativeTarget "Tests macOS" */;
			buildPhases = (
				143D1965291595D6001A84A3 /* Sources */,
				143D1966291595D6001A84A3 /* Frameworks */,
				143D1967291595D6001A84A3 /* Resources */,
			);
			buildRules = (
			);
			dependencies = (
				143D196B291595D6001A84A3 /* PBXTargetDependency */,
			);
			name = "Tests macOS";
			productName = "Tests macOS";
			productReference = 143D1969291595D6001A84A3 /* Tests macOS.xctest */;
			productType = "com.apple.product-type.bundle.ui-testing";
		};
/* End PBXNativeTarget section */

/* Begin PBXProject section */
		143D1944291595D5001A84A3 /* Project object */ = {
			isa = PBXProject;
			attributes = {
				BuildIndependentTargetsInParallel = 1;
				LastSwiftUpdateCheck = 1330;
				LastUpgradeCheck = 1330;
				TargetAttributes = {
					143D194F291595D6001A84A3 = {
						CreatedOnToolsVersion = 13.3.1;
					};
					143D1955291595D6001A84A3 = {
						CreatedOnToolsVersion = 13.3.1;
					};
					143D195C291595D6001A84A3 = {
						CreatedOnToolsVersion = 13.3.1;
						TestTargetID = 143D194F291595D6001A84A3;
					};
					143D1968291595D6001A84A3 = {
						CreatedOnToolsVersion = 13.3.1;
						TestTargetID = 143D1955291595D6001A84A3;
					};
				};
			};
			buildConfigurationList = 143D1947291595D5001A84A3 /* Build configuration list for PBXProject "IosFirstApp" */;
			compatibilityVersion = "Xcode 13.0";
			developmentRegion = en;
			hasScannedForEncodings = 0;
			knownRegions = (
				en,
				Base,
			);
			mainGroup = 143D1943291595D5001A84A3;
			productRefGroup = 143D1951291595D6001A84A3 /* Products */;
			projectDirPath = "";
			projectRoot = "";
			targets = (
				143D194F291595D6001A84A3 /* IosFirstApp (iOS) */,
				143D1955291595D6001A84A3 /* IosFirstApp (macOS) */,
				143D195C291595D6001A84A3 /* Tests iOS */,
				143D1968291595D6001A84A3 /* Tests macOS */,
			);
		};
/* End PBXProject section */

/* Begin PBXResourcesBuildPhase section */
		143D194E291595D6001A84A3 /* Resources */ = {
			isa = PBXResourcesBuildPhase;
			buildActionMask = 2147483647;
			files = (
				143D1975291595D6001A84A3 /* Assets.xcassets in Resources */,
			);
			runOnlyForDeploymentPostprocessing = 0;
		};
		143D1954291595D6001A84A3 /* Resources */ = {
			isa = PBXResourcesBuildPhase;
			buildActionMask = 2147483647;
			files = (
				143D1976291595D6001A84A3 /* Assets.xcassets in Resources */,
			);
			runOnlyForDeploymentPostprocessing = 0;
		};
		143D195B291595D6001A84A3 /* Resources */ = {
			isa = PBXResourcesBuildPhase;
			buildActionMask = 2147483647;
			files = (
			);
			runOnlyForDeploymentPostprocessing = 0;
		};
		143D1967291595D6001A84A3 /* Resources */ = {
			isa = PBXResourcesBuildPhase;
			buildActionMask = 2147483647;
			files = (
			);
			runOnlyForDeploymentPostprocessing = 0;
		};
/* End PBXResourcesBuildPhase section */

/* Begin PBXSourcesBuildPhase section */
		143D194C291595D6001A84A3 /* Sources */ = {
			isa = PBXSourcesBuildPhase;
			buildActionMask = 2147483647;
			files = (
				143D1973291595D6001A84A3 /* ContentView.swift in Sources */,
				143D1971291595D6001A84A3 /* IosFirstAppApp.swift in Sources */,
			);
			runOnlyForDeploymentPostprocessing = 0;
		};
		143D1952291595D6001A84A3 /* Sources */ = {
			isa = PBXSourcesBuildPhase;
			buildActionMask = 2147483647;
			files = (
				143D1974291595D6001A84A3 /* ContentView.swift in Sources */,
				143D1972291595D6001A84A3 /* IosFirstAppApp.swift in Sources */,
			);
			runOnlyForDeploymentPostprocessing = 0;
		};
		143D1959291595D6001A84A3 /* Sources */ = {
			isa = PBXSourcesBuildPhase;
			buildActionMask = 2147483647;
			files = (
				143D1964291595D6001A84A3 /* Tests_iOSLaunchTests.swift in Sources */,
				143D1962291595D6001A84A3 /* Tests_iOS.swift in Sources */,
			);
			runOnlyForDeploymentPostprocessing = 0;
		};
		143D1965291595D6001A84A3 /* Sources */ = {
			isa = PBXSourcesBuildPhase;
			buildActionMask = 2147483647;
			files = (
				143D1970291595D6001A84A3 /* Tests_macOSLaunchTests.swift in Sources */,
				143D196E291595D6001A84A3 /* Tests_macOS.swift in Sources */,
			);
			runOnlyForDeploymentPostprocessing = 0;
		};
/* End PBXSourcesBuildPhase section */

/* Begin PBXTargetDependency section */
		143D195F291595D6001A84A3 /* PBXTargetDependency */ = {
			isa = PBXTargetDependency;
			target = 143D194F291595D6001A84A3 /* IosFirstApp (iOS) */;
			targetProxy = 143D195E291595D6001A84A3 /* PBXContainerItemProxy */;
		};
		143D196B291595D6001A84A3 /* PBXTargetDependency */ = {
			isa = PBXTargetDependency;
			target = 143D1955291595D6001A84A3 /* IosFirstApp (macOS) */;
			targetProxy = 143D196A291595D6001A84A3 /* PBXContainerItemProxy */;
		};
/* End PBXTargetDependency section */

/* Begin XCBuildConfiguration section */
		143D1977291595D6001A84A3 /* Debug */ = {
			isa = XCBuildConfiguration;
			buildSettings = {
				ALWAYS_SEARCH_USER_PATHS = NO;
				CLANG_ANALYZER_NONNULL = YES;
				CLANG_ANALYZER_NUMBER_OBJECT_CONVERSION = YES_AGGRESSIVE;
				CLANG_CXX_LANGUAGE_STANDARD = "gnu++17";
				CLANG_ENABLE_MODULES = YES;
				CLANG_ENABLE_OBJC_ARC = YES;
				CLANG_ENABLE_OBJC_WEAK = YES;
				CLANG_WARN_BLOCK_CAPTURE_AUTORELEASING = YES;
				CLANG_WARN_BOOL_CONVERSION = YES;
				CLANG_WARN_COMMA = YES;
				CLANG_WARN_CONSTANT_CONVERSION = YES;
				CLANG_WARN_DEPRECATED_OBJC_IMPLEMENTATIONS = YES;
				CLANG_WARN_DIRECT_OBJC_ISA_USAGE = YES_ERROR;
				CLANG_WARN_DOCUMENTATION_COMMENTS = YES;
				CLANG_WARN_EMPTY_BODY = YES;
				CLANG_WARN_ENUM_CONVERSION = YES;
				CLANG_WARN_INFINITE_RECURSION = YES;
				CLANG_WARN_INT_CONVERSION = YES;
				CLANG_WARN_NON_LITERAL_NULL_CONVERSION = YES;
				CLANG_WARN_OBJC_IMPLICIT_RETAIN_SELF = YES;
				CLANG_WARN_OBJC_LITERAL_CONVERSION = YES;
				CLANG_WARN_OBJC_ROOT_CLASS = YES_ERROR;
				CLANG_WARN_QUOTED_INCLUDE_IN_FRAMEWORK_HEADER = YES;
				CLANG_WARN_RANGE_LOOP_ANALYSIS = YES;
				CLANG_WARN_STRICT_PROTOTYPES = YES;
				CLANG_WARN_SUSPICIOUS_MOVE = YES;
				CLANG_WARN_UNGUARDED_AVAILABILITY = YES_AGGRESSIVE;
				CLANG_WARN_UNREACHABLE_CODE = YES;
				CLANG_WARN__DUPLICATE_METHOD_MATCH = YES;
				COPY_PHASE_STRIP = NO;
				DEBUG_INFORMATION_FORMAT = dwarf;
				ENABLE_STRICT_OBJC_MSGSEND = YES;
				ENABLE_TESTABILITY = YES;
				GCC_C_LANGUAGE_STANDARD = gnu11;
				GCC_DYNAMIC_NO_PIC = NO;
				GCC_NO_COMMON_BLOCKS = YES;
				GCC_OPTIMIZATION_LEVEL = 0;
				GCC_PREPROCESSOR_DEFINITIONS = (
					"DEBUG=1",
					"$(inherited)",
				);
				GCC_WARN_64_TO_32_BIT_CONVERSION = YES;
				GCC_WARN_ABOUT_RETURN_TYPE = YES_ERROR;
				GCC_WARN_UNDECLARED_SELECTOR = YES;
				GCC_WARN_UNINITIALIZED_AUTOS = YES_AGGRESSIVE;
				GCC_WARN_UNUSED_FUNCTION = YES;
				GCC_WARN_UNUSED_VARIABLE = YES;
				MTL_ENABLE_DEBUG_INFO = INCLUDE_SOURCE;
				MTL_FAST_MATH = YES;
				ONLY_ACTIVE_ARCH = YES;
				SWIFT_ACTIVE_COMPILATION_CONDITIONS = DEBUG;
				SWIFT_OPTIMIZATION_LEVEL = "-Onone";
			};
			name = Debug;
		};
		143D1978291595D6001A84A3 /* Release */ = {
			isa = XCBuildConfiguration;
			buildSettings = {
				ALWAYS_SEARCH_USER_PATHS = NO;
				CLANG_ANALYZER_NONNULL = YES;
				CLANG_ANALYZER_NUMBER_OBJECT_CONVERSION = YES_AGGRESSIVE;
				CLANG_CXX_LANGUAGE_STANDARD = "gnu++17";
				CLANG_ENABLE_MODULES = YES;
				CLANG_ENABLE_OBJC_ARC = YES;
				CLANG_ENABLE_OBJC_WEAK = YES;
				CLANG_WARN_BLOCK_CAPTURE_AUTORELEASING = YES;
				CLANG_WARN_BOOL_CONVERSION = YES;
				CLANG_WARN_COMMA = YES;
				CLANG_WARN_CONSTANT_CONVERSION = YES;
				CLANG_WARN_DEPRECATED_OBJC_IMPLEMENTATIONS = YES;
				CLANG_WARN_DIRECT_OBJC_ISA_USAGE = YES_ERROR;
				CLANG_WARN_DOCUMENTATION_COMMENTS = YES;
				CLANG_WARN_EMPTY_BODY = YES;
				CLANG_WARN_ENUM_CONVERSION = YES;
				CLANG_WARN_INFINITE_RECURSION = YES;
				CLANG_WARN_INT_CONVERSION = YES;
				CLANG_WARN_NON_LITERAL_NULL_CONVERSION = YES;
				CLANG_WARN_OBJC_IMPLICIT_RETAIN_SELF = YES;
				CLANG_WARN_OBJC_LITERAL_CONVERSION = YES;
				CLANG_WARN_OBJC_ROOT_CLASS = YES_ERROR;
				CLANG_WARN_QUOTED_INCLUDE_IN_FRAMEWORK_HEADER = YES;
				CLANG_WARN_RANGE_LOOP_ANALYSIS = YES;
				CLANG_WARN_STRICT_PROTOTYPES = YES;
				CLANG_WARN_SUSPICIOUS_MOVE = YES;
				CLANG_WARN_UNGUARDED_AVAILABILITY = YES_AGGRESSIVE;
				CLANG_WARN_UNREACHABLE_CODE = YES;
				CLANG_WARN__DUPLICATE_METHOD_MATCH = YES;
				COPY_PHASE_STRIP = NO;
				DEBUG_INFORMATION_FORMAT = "dwarf-with-dsym";
				ENABLE_NS_ASSERTIONS = NO;
				ENABLE_STRICT_OBJC_MSGSEND = YES;
				GCC_C_LANGUAGE_STANDARD = gnu11;
				GCC_NO_COMMON_BLOCKS = YES;
				GCC_WARN_64_TO_32_BIT_CONVERSION = YES;
				GCC_WARN_ABOUT_RETURN_TYPE = YES_ERROR;
				GCC_WARN_UNDECLARED_SELECTOR = YES;
				GCC_WARN_UNINITIALIZED_AUTOS = YES_AGGRESSIVE;
				GCC_WARN_UNUSED_FUNCTION = YES;
				GCC_WARN_UNUSED_VARIABLE = YES;
				MTL_ENABLE_DEBUG_INFO = NO;
				MTL_FAST_MATH = YES;
				SWIFT_COMPILATION_MODE = wholemodule;
				SWIFT_OPTIMIZATION_LEVEL = "-O";
			};
			name = Release;
		};
		143D197A291595D6001A84A3 /* Debug */ = {
			isa = XCBuildConfiguration;
			buildSettings = {
				ASSETCATALOG_COMPILER_APPICON_NAME = AppIcon;
				ASSETCATALOG_COMPILER_GLOBAL_ACCENT_COLOR_NAME = AccentColor;
				CODE_SIGN_STYLE = Automatic;
				CURRENT_PROJECT_VERSION = 1;
				DEVELOPMENT_TEAM = 5T2SM27YAW;
				ENABLE_PREVIEWS = YES;
				GENERATE_INFOPLIST_FILE = YES;
				INFOPLIST_KEY_UIApplicationSceneManifest_Generation = YES;
				INFOPLIST_KEY_UIApplicationSupportsIndirectInputEvents = YES;
				INFOPLIST_KEY_UILaunchScreen_Generation = YES;
				INFOPLIST_KEY_UISupportedInterfaceOrientations_iPad = "UIInterfaceOrientationPortrait UIInterfaceOrientationPortraitUpsideDown UIInterfaceOrientationLandscapeLeft UIInterfaceOrientationLandscapeRight";
				INFOPLIST_KEY_UISupportedInterfaceOrientations_iPhone = "UIInterfaceOrientationPortrait UIInterfaceOrientationLandscapeLeft UIInterfaceOrientationLandscapeRight";
				IPHONEOS_DEPLOYMENT_TARGET = 15.4;
				LD_RUNPATH_SEARCH_PATHS = (
					"$(inherited)",
					"@executable_path/Frameworks",
				);
				MARKETING_VERSION = 1.0;
				PRODUCT_BUNDLE_IDENTIFIER = com.rakesh.first.IosFirstApp;
				PRODUCT_NAME = IosFirstApp;
				SDKROOT = iphoneos;
				SWIFT_EMIT_LOC_STRINGS = YES;
				SWIFT_VERSION = 5.0;
				TARGETED_DEVICE_FAMILY = "1,2";
			};
			name = Debug;
		};
		143D197B291595D6001A84A3 /* Release */ = {
			isa = XCBuildConfiguration;
			buildSettings = {
				ASSETCATALOG_COMPILER_APPICON_NAME = AppIcon;
				ASSETCATALOG_COMPILER_GLOBAL_ACCENT_COLOR_NAME = AccentColor;
				CODE_SIGN_STYLE = Automatic;
				CURRENT_PROJECT_VERSION = 1;
				DEVELOPMENT_TEAM = 5T2SM27YAW;
				ENABLE_PREVIEWS = YES;
				GENERATE_INFOPLIST_FILE = YES;
				INFOPLIST_KEY_UIApplicationSceneManifest_Generation = YES;
				INFOPLIST_KEY_UIApplicationSupportsIndirectInputEvents = YES;
				INFOPLIST_KEY_UILaunchScreen_Generation = YES;
				INFOPLIST_KEY_UISupportedInterfaceOrientations_iPad = "UIInterfaceOrientationPortrait UIInterfaceOrientationPortraitUpsideDown UIInterfaceOrientationLandscapeLeft UIInterfaceOrientationLandscapeRight";
				INFOPLIST_KEY_UISupportedInterfaceOrientations_iPhone = "UIInterfaceOrientationPortrait UIInterfaceOrientationLandscapeLeft UIInterfaceOrientationLandscapeRight";
				IPHONEOS_DEPLOYMENT_TARGET = 15.4;
				LD_RUNPATH_SEARCH_PATHS = (
					"$(inherited)",
					"@executable_path/Frameworks",
				);
				MARKETING_VERSION = 1.0;
				PRODUCT_BUNDLE_IDENTIFIER = com.rakesh.first.IosFirstApp;
				PRODUCT_NAME = IosFirstApp;
				SDKROOT = iphoneos;
				SWIFT_EMIT_LOC_STRINGS = YES;
				SWIFT_VERSION = 5.0;
				TARGETED_DEVICE_FAMILY = "1,2";
				VALIDATE_PRODUCT = YES;
			};
			name = Release;
		};
		143D197D291595D6001A84A3 /* Debug */ = {
			isa = XCBuildConfiguration;
			buildSettings = {
				ASSETCATALOG_COMPILER_APPICON_NAME = AppIcon;
				ASSETCATALOG_COMPILER_GLOBAL_ACCENT_COLOR_NAME = AccentColor;
				CODE_SIGN_ENTITLEMENTS = macOS/macOS.entitlements;
				CODE_SIGN_STYLE = Automatic;
				COMBINE_HIDPI_IMAGES = YES;
				CURRENT_PROJECT_VERSION = 1;
				DEVELOPMENT_TEAM = 5T2SM27YAW;
				ENABLE_HARDENED_RUNTIME = YES;
				ENABLE_PREVIEWS = YES;
				GENERATE_INFOPLIST_FILE = YES;
				INFOPLIST_KEY_NSHumanReadableCopyright = "";
				LD_RUNPATH_SEARCH_PATHS = (
					"$(inherited)",
					"@executable_path/../Frameworks",
				);
				MACOSX_DEPLOYMENT_TARGET = 12.3;
				MARKETING_VERSION = 1.0;
				PRODUCT_BUNDLE_IDENTIFIER = com.rakesh.first.IosFirstApp;
				PRODUCT_NAME = IosFirstApp;
				SDKROOT = macosx;
				SWIFT_EMIT_LOC_STRINGS = YES;
				SWIFT_VERSION = 5.0;
			};
			name = Debug;
		};
		143D197E291595D6001A84A3 /* Release */ = {
			isa = XCBuildConfiguration;
			buildSettings = {
				ASSETCATALOG_COMPILER_APPICON_NAME = AppIcon;
				ASSETCATALOG_COMPILER_GLOBAL_ACCENT_COLOR_NAME = AccentColor;
				CODE_SIGN_ENTITLEMENTS = macOS/macOS.entitlements;
				CODE_SIGN_STYLE = Automatic;
				COMBINE_HIDPI_IMAGES = YES;
				CURRENT_PROJECT_VERSION = 1;
				DEVELOPMENT_TEAM = 5T2SM27YAW;
				ENABLE_HARDENED_RUNTIME = YES;
				ENABLE_PREVIEWS = YES;
				GENERATE_INFOPLIST_FILE = YES;
				INFOPLIST_KEY_NSHumanReadableCopyright = "";
				LD_RUNPATH_SEARCH_PATHS = (
					"$(inherited)",
					"@executable_path/../Frameworks",
				);
				MACOSX_DEPLOYMENT_TARGET = 12.3;
				MARKETING_VERSION = 1.0;
				PRODUCT_BUNDLE_IDENTIFIER = com.rakesh.first.IosFirstApp;
				PRODUCT_NAME = IosFirstApp;
				SDKROOT = macosx;
				SWIFT_EMIT_LOC_STRINGS = YES;
				SWIFT_VERSION = 5.0;
			};
			name = Release;
		};
		143D1980291595D6001A84A3 /* Debug */ = {
			isa = XCBuildConfiguration;
			buildSettings = {
				ALWAYS_EMBED_SWIFT_STANDARD_LIBRARIES = YES;
				CODE_SIGN_STYLE = Automatic;
				CURRENT_PROJECT_VERSION = 1;
				DEVELOPMENT_TEAM = 5T2SM27YAW;
				GENERATE_INFOPLIST_FILE = YES;
				IPHONEOS_DEPLOYMENT_TARGET = 15.4;
				MARKETING_VERSION = 1.0;
				PRODUCT_BUNDLE_IDENTIFIER = "com.rakesh.first.Tests-iOS";
				PRODUCT_NAME = "$(TARGET_NAME)";
				SDKROOT = iphoneos;
				SWIFT_EMIT_LOC_STRINGS = NO;
				SWIFT_VERSION = 5.0;
				TARGETED_DEVICE_FAMILY = "1,2";
				TEST_TARGET_NAME = "IosFirstApp (iOS)";
			};
			name = Debug;
		};
		143D1981291595D6001A84A3 /* Release */ = {
			isa = XCBuildConfiguration;
			buildSettings = {
				ALWAYS_EMBED_SWIFT_STANDARD_LIBRARIES = YES;
				CODE_SIGN_STYLE = Automatic;
				CURRENT_PROJECT_VERSION = 1;
				DEVELOPMENT_TEAM = 5T2SM27YAW;
				GENERATE_INFOPLIST_FILE = YES;
				IPHONEOS_DEPLOYMENT_TARGET = 15.4;
				MARKETING_VERSION = 1.0;
				PRODUCT_BUNDLE_IDENTIFIER = "com.rakesh.first.Tests-iOS";
				PRODUCT_NAME = "$(TARGET_NAME)";
				SDKROOT = iphoneos;
				SWIFT_EMIT_LOC_STRINGS = NO;
				SWIFT_VERSION = 5.0;
				TARGETED_DEVICE_FAMILY = "1,2";
				TEST_TARGET_NAME = "IosFirstApp (iOS)";
				VALIDATE_PRODUCT = YES;
			};
			name = Release;
		};
		143D1983291595D6001A84A3 /* Debug */ = {
			isa = XCBuildConfiguration;
			buildSettings = {
				ALWAYS_EMBED_SWIFT_STANDARD_LIBRARIES = YES;
				CODE_SIGN_STYLE = Automatic;
				CURRENT_PROJECT_VERSION = 1;
				DEVELOPMENT_TEAM = 5T2SM27YAW;
				GENERATE_INFOPLIST_FILE = YES;
				MACOSX_DEPLOYMENT_TARGET = 12.3;
				MARKETING_VERSION = 1.0;
				PRODUCT_BUNDLE_IDENTIFIER = "com.rakesh.first.Tests-macOS";
				PRODUCT_NAME = "$(TARGET_NAME)";
				SDKROOT = macosx;
				SWIFT_EMIT_LOC_STRINGS = NO;
				SWIFT_VERSION = 5.0;
				TEST_TARGET_NAME = "IosFirstApp (macOS)";
			};
			name = Debug;
		};
		143D1984291595D6001A84A3 /* Release */ = {
			isa = XCBuildConfiguration;
			buildSettings = {
				ALWAYS_EMBED_SWIFT_STANDARD_LIBRARIES = YES;
				CODE_SIGN_STYLE = Automatic;
				CURRENT_PROJECT_VERSION = 1;
				DEVELOPMENT_TEAM = 5T2SM27YAW;
				GENERATE_INFOPLIST_FILE = YES;
				MACOSX_DEPLOYMENT_TARGET = 12.3;
				MARKETING_VERSION = 1.0;
				PRODUCT_BUNDLE_IDENTIFIER = "com.rakesh.first.Tests-macOS";
				PRODUCT_NAME = "$(TARGET_NAME)";
				SDKROOT = macosx;
				SWIFT_EMIT_LOC_STRINGS = NO;
				SWIFT_VERSION = 5.0;
				TEST_TARGET_NAME = "IosFirstApp (macOS)";
			};
			name = Release;
		};
/* End XCBuildConfiguration section */

/* Begin XCConfigurationList section */
		143D1947291595D5001A84A3 /* Build configuration list for PBXProject "IosFirstApp" */ = {
			isa = XCConfigurationList;
			buildConfigurations = (
				143D1977291595D6001A84A3 /* Debug */,
				143D1978291595D6001A84A3 /* Release */,
			);
			defaultConfigurationIsVisible = 0;
			defaultConfigurationName = Release;
		};
		143D1979291595D6001A84A3 /* Build configuration list for PBXNativeTarget "IosFirstApp (iOS)" */ = {
			isa = XCConfigurationList;
			buildConfigurations = (
				143D197A291595D6001A84A3 /* Debug */,
				143D197B291595D6001A84A3 /* Release */,
			);
			defaultConfigurationIsVisible = 0;
			defaultConfigurationName = Release;
		};
		143D197C291595D6001A84A3 /* Build configuration list for PBXNativeTarget "IosFirstApp (macOS)" */ = {
			isa = XCConfigurationList;
			buildConfigurations = (
				143D197D291595D6001A84A3 /* Debug */,
				143D197E291595D6001A84A3 /* Release */,
			);
			defaultConfigurationIsVisible = 0;
			defaultConfigurationName = Release;
		};
		143D197F291595D6001A84A3 /* Build configuration list for PBXNativeTarget "Tests iOS" */ = {
			isa = XCConfigurationList;
			buildConfigurations = (
				143D1980291595D6001A84A3 /* Debug */,
				143D1981291595D6001A84A3 /* Release */,
			);
			defaultConfigurationIsVisible = 0;
			defaultConfigurationName = Release;
		};
		143D1982291595D6001A84A3 /* Build configuration list for PBXNativeTarget "Tests macOS" */ = {
			isa = XCConfigurationList;
			buildConfigurations = (
				143D1983291595D6001A84A3 /* Debug */,
				143D1984291595D6001A84A3 /* Release */,
			);
			defaultConfigurationIsVisible = 0;
			defaultConfigurationName = Release;
		};
/* End XCConfigurationList section */
	};
	rootObject = 143D1944291595D5001A84A3 /* Project object */;
}
